
Microsoft Visual Studio Solution File, Format Version 12.00
# Visual Studio Version 17
VisualStudioVersion = 17.0.31903.59
MinimumVisualStudioVersion = 10.0.40219.1
Project("{2150E333-8FDC-42A3-9474-1A3956D46DE8}") = "src", "src", "{A206453E-8C36-47A5-B0F1-9272DE9C4EF4}"
EndProject
Project("{FAE04EC0-301F-11D3-BF4B-00C04F79EFBC}") = "LMS.Api", "src\LMS.Api\LMS.Api.csproj", "{D37D9085-CE77-48DE-89C9-6C7267E42C2D}"
EndProject
Project("{FAE04EC0-301F-11D3-BF4B-00C04F79EFBC}") = "LMS.Application", "src\LMS.Application\LMS.Application.csproj", "{C9AC537A-1F11-4F06-8EB1-11368387AF73}"
EndProject
Project("{FAE04EC0-301F-11D3-BF4B-00C04F79EFBC}") = "LMS.Domain", "src\LMS.Domain\LMS.Domain.csproj", "{D2FFBC13-B459-4CBF-BAE3-A60E77E7CA97}"
EndProject
Project("{FAE04EC0-301F-11D3-BF4B-00C04F79EFBC}") = "LMS.Infrastructure", "src\LMS.Infrastructure\LMS.Infrastructure.csproj", "{C2A03432-E54B-42CD-9491-4FDC45552942}"
EndProject
Project("{2150E333-8FDC-42A3-9474-1A3956D46DE8}") = "tests", "tests", "{11097F8D-216C-4556-816B-04B099D0028E}"
EndProject
Project("{FAE04EC0-301F-11D3-BF4B-00C04F79EFBC}") = "LMS.Api.Tests", "tests\LMS.Api.Tests\LMS.Api.Tests.csproj", "{482E8313-1AC7-4793-9490-52A142E857CD}"
EndProject
Project("{FAE04EC0-301F-11D3-BF4B-00C04F79EFBC}") = "LMS.Application.Tests", "tests\LMS.Application.Tests\LMS.Application.Tests.csproj", "{295D214C-2D45-45ED-A377-A4B8F67CE3DE}"
EndProject
Project("{FAE04EC0-301F-11D3-BF4B-00C04F79EFBC}") = "LMS.Domain.Tests", "tests\LMS.Domain.Tests\LMS.Domain.Tests.csproj", "{5C17ECE2-C54A-4A7F-BFD1-A709E34D1D07}"
EndProject
Global
	GlobalSection(SolutionConfigurationPlatforms) = preSolution
		Debug|Any CPU = Debug|Any CPU
		Release|Any CPU = Release|Any CPU
	EndGlobalSection
	GlobalSection(SolutionProperties) = preSolution
		HideSolutionNode = FALSE
	EndGlobalSection
	GlobalSection(ProjectConfigurationPlatforms) = postSolution
		{D37D9085-CE77-48DE-89C9-6C7267E42C2D}.Debug|Any CPU.ActiveCfg = Debug|Any CPU
		{D37D9085-CE77-48DE-89C9-6C7267E42C2D}.Debug|Any CPU.Build.0 = Debug|Any CPU
		{D37D9085-CE77-48DE-89C9-6C7267E42C2D}.Release|Any CPU.ActiveCfg = Release|Any CPU
		{D37D9085-CE77-48DE-89C9-6C7267E42C2D}.Release|Any CPU.Build.0 = Release|Any CPU
		{C9AC537A-1F11-4F06-8EB1-11368387AF73}.Debug|Any CPU.ActiveCfg = Debug|Any CPU
		{C9AC537A-1F11-4F06-8EB1-11368387AF73}.Debug|Any CPU.Build.0 = Debug|Any CPU
		{C9AC537A-1F11-4F06-8EB1-11368387AF73}.Release|Any CPU.ActiveCfg = Release|Any CPU
		{C9AC537A-1F11-4F06-8EB1-11368387AF73}.Release|Any CPU.Build.0 = Release|Any CPU
		{D2FFBC13-B459-4CBF-BAE3-A60E77E7CA97}.Debug|Any CPU.ActiveCfg = Debug|Any CPU
		{D2FFBC13-B459-4CBF-BAE3-A60E77E7CA97}.Debug|Any CPU.Build.0 = Debug|Any CPU
		{D2FFBC13-B459-4CBF-BAE3-A60E77E7CA97}.Release|Any CPU.ActiveCfg = Release|Any CPU
		{D2FFBC13-B459-4CBF-BAE3-A60E77E7CA97}.Release|Any CPU.Build.0 = Release|Any CPU
		{C2A03432-E54B-42CD-9491-4FDC45552942}.Debug|Any CPU.ActiveCfg = Debug|Any CPU
		{C2A03432-E54B-42CD-9491-4FDC45552942}.Debug|Any CPU.Build.0 = Debug|Any CPU
		{C2A03432-E54B-42CD-9491-4FDC45552942}.Release|Any CPU.ActiveCfg = Release|Any CPU
		{C2A03432-E54B-42CD-9491-4FDC45552942}.Release|Any CPU.Build.0 = Release|Any CPU
		{482E8313-1AC7-4793-9490-52A142E857CD}.Debug|Any CPU.ActiveCfg = Debug|Any CPU
		{482E8313-1AC7-4793-9490-52A142E857CD}.Debug|Any CPU.Build.0 = Debug|Any CPU
		{482E8313-1AC7-4793-9490-52A142E857CD}.Release|Any CPU.ActiveCfg = Release|Any CPU
		{482E8313-1AC7-4793-9490-52A142E857CD}.Release|Any CPU.Build.0 = Release|Any CPU
		{295D214C-2D45-45ED-A377-A4B8F67CE3DE}.Debug|Any CPU.ActiveCfg = Debug|Any CPU
		{295D214C-2D45-45ED-A377-A4B8F67CE3DE}.Debug|Any CPU.Build.0 = Debug|Any CPU
		{295D214C-2D45-45ED-A377-A4B8F67CE3DE}.Release|Any CPU.ActiveCfg = Release|Any CPU
		{295D214C-2D45-45ED-A377-A4B8F67CE3DE}.Release|Any CPU.Build.0 = Release|Any CPU
		{5C17ECE2-C54A-4A7F-BFD1-A709E34D1D07}.Debug|Any CPU.ActiveCfg = Debug|Any CPU
		{5C17ECE2-C54A-4A7F-BFD1-A709E34D1D07}.Debug|Any CPU.Build.0 = Debug|Any CPU
		{5C17ECE2-C54A-4A7F-BFD1-A709E34D1D07}.Release|Any CPU.ActiveCfg = Release|Any CPU
		{5C17ECE2-C54A-4A7F-BFD1-A709E34D1D07}.Release|Any CPU.Build.0 = Release|Any CPU
	EndGlobalSection
	GlobalSection(NestedProjects) = preSolution
		{D37D9085-CE77-48DE-89C9-6C7267E42C2D} = {A206453E-8C36-47A5-B0F1-9272DE9C4EF4}
		{C9AC537A-1F11-4F06-8EB1-11368387AF73} = {A206453E-8C36-47A5-B0F1-9272DE9C4EF4}
		{D2FFBC13-B459-4CBF-BAE3-A60E77E7CA97} = {A206453E-8C36-47A5-B0F1-9272DE9C4EF4}
		{C2A03432-E54B-42CD-9491-4FDC45552942} = {A206453E-8C36-47A5-B0F1-9272DE9C4EF4}
		{482E8313-1AC7-4793-9490-52A142E857CD} = {11097F8D-216C-4556-816B-04B099D0028E}
		{295D214C-2D45-45ED-A377-A4B8F67CE3DE} = {11097F8D-216C-4556-816B-04B099D0028E}
		{5C17ECE2-C54A-4A7F-BFD1-A709E34D1D07} = {11097F8D-216C-4556-816B-04B099D0028E}
	EndGlobalSection
EndGlobal
